
Microsoft Visual Studio Solution File, Format Version 12.00
# Visual Studio Version 17
VisualStudioVersion = 17.1.32210.238
MinimumVisualStudioVersion = 10.0.40219.1
Project("{FAE04EC0-301F-11D3-BF4B-00C04F79EFBC}") = "my-movies-backend", "my-movies-backend\my-movies-backend.csproj", "{E47626B8-040C-4F51-A1C0-FC06265EA312}"
EndProject
Project("{E24C65DC-7377-472B-9ABA-BC803B73C61A}") = "my-movies-frontend", "my-movies-frontend\", "{00FB3E07-7D2F-41DA-B08B-39B884663259}"
	ProjectSection(WebsiteProperties) = preProject
		TargetFrameworkMoniker = ".NETFramework,Version%3Dv4.5"
		Debug.AspNetCompiler.VirtualPath = "/localhost_11503"
		Debug.AspNetCompiler.PhysicalPath = "my-movies-frontend\"
		Debug.AspNetCompiler.TargetPath = "PrecompiledWeb\localhost_11503\"
		Debug.AspNetCompiler.Updateable = "true"
		Debug.AspNetCompiler.ForceOverwrite = "true"
		Debug.AspNetCompiler.FixedNames = "false"
		Debug.AspNetCompiler.Debug = "True"
		Release.AspNetCompiler.VirtualPath = "/localhost_11503"
		Release.AspNetCompiler.PhysicalPath = "my-movies-frontend\"
		Release.AspNetCompiler.TargetPath = "PrecompiledWeb\localhost_11503\"
		Release.AspNetCompiler.Updateable = "true"
		Release.AspNetCompiler.ForceOverwrite = "true"
		Release.AspNetCompiler.FixedNames = "false"
		Release.AspNetCompiler.Debug = "False"
		VWDPort = "11503"
	EndProjectSection
EndProject
Global
	GlobalSection(SolutionConfigurationPlatforms) = preSolution
		Debug|Any CPU = Debug|Any CPU
		Release|Any CPU = Release|Any CPU
	EndGlobalSection
	GlobalSection(ProjectConfigurationPlatforms) = postSolution
		{E47626B8-040C-4F51-A1C0-FC06265EA312}.Debug|Any CPU.ActiveCfg = Debug|Any CPU
		{E47626B8-040C-4F51-A1C0-FC06265EA312}.Debug|Any CPU.Build.0 = Debug|Any CPU
		{E47626B8-040C-4F51-A1C0-FC06265EA312}.Release|Any CPU.ActiveCfg = Release|Any CPU
		{E47626B8-040C-4F51-A1C0-FC06265EA312}.Release|Any CPU.Build.0 = Release|Any CPU
		{00FB3E07-7D2F-41DA-B08B-39B884663259}.Debug|Any CPU.ActiveCfg = Debug|Any CPU
		{00FB3E07-7D2F-41DA-B08B-39B884663259}.Debug|Any CPU.Build.0 = Debug|Any CPU
		{00FB3E07-7D2F-41DA-B08B-39B884663259}.Release|Any CPU.ActiveCfg = Debug|Any CPU
		{00FB3E07-7D2F-41DA-B08B-39B884663259}.Release|Any CPU.Build.0 = Debug|Any CPU
	EndGlobalSection
	GlobalSection(SolutionProperties) = preSolution
		HideSolutionNode = FALSE
	EndGlobalSection
	GlobalSection(ExtensibilityGlobals) = postSolution
		SolutionGuid = {2F38B10C-298F-4F2F-ABE3-A0774AD32DD9}
	EndGlobalSection
EndGlobal
